// !$*UTF8*$!
{
	archiveVersion = 1;
	classes = {
	};
	objectVersion = 55;
	objects = {

/* Begin PBXBuildFile section */
		2B9CB89427F6710200D5CDFB /* AppDelegate.swift in Sources */ = {isa = PBXBuildFile; fileRef = 2B9CB89327F6710200D5CDFB /* AppDelegate.swift */; };
		2B9CB89627F6710200D5CDFB /* ViewController.swift in Sources */ = {isa = PBXBuildFile; fileRef = 2B9CB89527F6710200D5CDFB /* ViewController.swift */; };
		2B9CB89927F6710200D5CDFB /* Main.storyboard in Resources */ = {isa = PBXBuildFile; fileRef = 2B9CB89727F6710200D5CDFB /* Main.storyboard */; };
		2B9CB89B27F6710400D5CDFB /* Assets.xcassets in Resources */ = {isa = PBXBuildFile; fileRef = 2B9CB89A27F6710400D5CDFB /* Assets.xcassets */; };
		2B9CB89E27F6710400D5CDFB /* LaunchScreen.storyboard in Resources */ = {isa = PBXBuildFile; fileRef = 2B9CB89C27F6710400D5CDFB /* LaunchScreen.storyboard */; };
		2B9CB8A527F67C0C00D5CDFB /* Movie.swift in Sources */ = {isa = PBXBuildFile; fileRef = 2B9CB8A427F67C0C00D5CDFB /* Movie.swift */; };
		2B9CB8A827F67FD400D5CDFB /* TVMovieCollectionViewCell.swift in Sources */ = {isa = PBXBuildFile; fileRef = 2B9CB8A727F67FD400D5CDFB /* TVMovieCollectionViewCell.swift */; };
		2B9CB8AA27F6840800D5CDFB /* UIView+Extensions.swift in Sources */ = {isa = PBXBuildFile; fileRef = 2B9CB8A927F6840800D5CDFB /* UIView+Extensions.swift */; };
		2B9CBF6A27F753AE006A2308 /* DetailTVMovieViewController.swift in Sources */ = {isa = PBXBuildFile; fileRef = 2B9CBF6927F753AE006A2308 /* DetailTVMovieViewController.swift */; };
		2B9CBF6C27F76EE0006A2308 /* RelatedMoviePosterCollectionViewCell.swift in Sources */ = {isa = PBXBuildFile; fileRef = 2B9CBF6B27F76EE0006A2308 /* RelatedMoviePosterCollectionViewCell.swift */; };
		2B9CBF6E27F781D5006A2308 /* RelatedMovieSectionCollectionViewCell.swift in Sources */ = {isa = PBXBuildFile; fileRef = 2B9CBF6D27F781D5006A2308 /* RelatedMovieSectionCollectionViewCell.swift */; };
		2B9CBF7127F7921D006A2308 /* StaffSectionCollectionViewCell.swift in Sources */ = {isa = PBXBuildFile; fileRef = 2B9CBF7027F7921D006A2308 /* StaffSectionCollectionViewCell.swift */; };
		2B9CBF7327F7924B006A2308 /* StaffMonogramCollectionViewCell.swift in Sources */ = {isa = PBXBuildFile; fileRef = 2B9CBF7227F7924B006A2308 /* StaffMonogramCollectionViewCell.swift */; };
/* End PBXBuildFile section */

/* Begin PBXFileReference section */
		2B9CB89027F6710200D5CDFB /* basicTvOSApp.app */ = {isa = PBXFileReference; explicitFileType = wrapper.application; includeInIndex = 0; path = basicTvOSApp.app; sourceTree = BUILT_PRODUCTS_DIR; };
		2B9CB89327F6710200D5CDFB /* AppDelegate.swift */ = {isa = PBXFileReference; lastKnownFileType = sourcecode.swift; path = AppDelegate.swift; sourceTree = "<group>"; };
		2B9CB89527F6710200D5CDFB /* ViewController.swift */ = {isa = PBXFileReference; lastKnownFileType = sourcecode.swift; path = ViewController.swift; sourceTree = "<group>"; };
		2B9CB89827F6710200D5CDFB /* Base */ = {isa = PBXFileReference; lastKnownFileType = file.storyboard; name = Base; path = Base.lproj/Main.storyboard; sourceTree = "<group>"; };
		2B9CB89A27F6710400D5CDFB /* Assets.xcassets */ = {isa = PBXFileReference; lastKnownFileType = folder.assetcatalog; path = Assets.xcassets; sourceTree = "<group>"; };
		2B9CB89D27F6710400D5CDFB /* Base */ = {isa = PBXFileReference; lastKnownFileType = file.storyboard; name = Base; path = Base.lproj/LaunchScreen.storyboard; sourceTree = "<group>"; };
		2B9CB8A427F67C0C00D5CDFB /* Movie.swift */ = {isa = PBXFileReference; lastKnownFileType = sourcecode.swift; path = Movie.swift; sourceTree = "<group>"; };
		2B9CB8A727F67FD400D5CDFB /* TVMovieCollectionViewCell.swift */ = {isa = PBXFileReference; lastKnownFileType = sourcecode.swift; path = TVMovieCollectionViewCell.swift; sourceTree = "<group>"; };
		2B9CB8A927F6840800D5CDFB /* UIView+Extensions.swift */ = {isa = PBXFileReference; lastKnownFileType = sourcecode.swift; path = "UIView+Extensions.swift"; sourceTree = "<group>"; };
		2B9CBF6927F753AE006A2308 /* DetailTVMovieViewController.swift */ = {isa = PBXFileReference; lastKnownFileType = sourcecode.swift; path = DetailTVMovieViewController.swift; sourceTree = "<group>"; };
		2B9CBF6B27F76EE0006A2308 /* RelatedMoviePosterCollectionViewCell.swift */ = {isa = PBXFileReference; lastKnownFileType = sourcecode.swift; path = RelatedMoviePosterCollectionViewCell.swift; sourceTree = "<group>"; };
		2B9CBF6D27F781D5006A2308 /* RelatedMovieSectionCollectionViewCell.swift */ = {isa = PBXFileReference; lastKnownFileType = sourcecode.swift; path = RelatedMovieSectionCollectionViewCell.swift; sourceTree = "<group>"; };
		2B9CBF7027F7921D006A2308 /* StaffSectionCollectionViewCell.swift */ = {isa = PBXFileReference; lastKnownFileType = sourcecode.swift; path = StaffSectionCollectionViewCell.swift; sourceTree = "<group>"; };
		2B9CBF7227F7924B006A2308 /* StaffMonogramCollectionViewCell.swift */ = {isa = PBXFileReference; lastKnownFileType = sourcecode.swift; path = StaffMonogramCollectionViewCell.swift; sourceTree = "<group>"; };
/* End PBXFileReference section */

/* Begin PBXFrameworksBuildPhase section */
		2B9CB88D27F6710200D5CDFB /* Frameworks */ = {
			isa = PBXFrameworksBuildPhase;
			buildActionMask = 2147483647;
			files = (
			);
			runOnlyForDeploymentPostprocessing = 0;
		};
/* End PBXFrameworksBuildPhase section */

/* Begin PBXGroup section */
		2B9CB88727F6710200D5CDFB = {
			isa = PBXGroup;
			children = (
				2B9CB89227F6710200D5CDFB /* basicTvOSApp */,
				2B9CB89127F6710200D5CDFB /* Products */,
			);
			sourceTree = "<group>";
		};
		2B9CB89127F6710200D5CDFB /* Products */ = {
			isa = PBXGroup;
			children = (
				2B9CB89027F6710200D5CDFB /* basicTvOSApp.app */,
			);
			name = Products;
			sourceTree = "<group>";
		};
		2B9CB89227F6710200D5CDFB /* basicTvOSApp */ = {
			isa = PBXGroup;
			children = (
				2B9CB89327F6710200D5CDFB /* AppDelegate.swift */,
				2B9CB8AB27F6841600D5CDFB /* Common */,
				2B9CB8A627F67C2700D5CDFB /* Model */,
				2BE5AA6227F8BC8E000A4DDF /* Controllers */,
				2B9CB89727F6710200D5CDFB /* Main.storyboard */,
				2B9CB89A27F6710400D5CDFB /* Assets.xcassets */,
				2B9CB89C27F6710400D5CDFB /* LaunchScreen.storyboard */,
			);
			path = basicTvOSApp;
			sourceTree = "<group>";
		};
		2B9CB8A627F67C2700D5CDFB /* Model */ = {
			isa = PBXGroup;
			children = (
				2B9CB8A427F67C0C00D5CDFB /* Movie.swift */,
			);
			path = Model;
			sourceTree = "<group>";
		};
		2B9CB8AB27F6841600D5CDFB /* Common */ = {
			isa = PBXGroup;
			children = (
				2B9CB8AD27F6843100D5CDFB /* Extensions */,
			);
			path = Common;
			sourceTree = "<group>";
		};
		2B9CB8AC27F6842000D5CDFB /* MoviesCollection */ = {
			isa = PBXGroup;
			children = (
				2B9CB8A727F67FD400D5CDFB /* TVMovieCollectionViewCell.swift */,
			);
			path = MoviesCollection;
			sourceTree = "<group>";
		};
		2B9CB8AD27F6843100D5CDFB /* Extensions */ = {
			isa = PBXGroup;
			children = (
				2B9CB8A927F6840800D5CDFB /* UIView+Extensions.swift */,
			);
			path = Extensions;
			sourceTree = "<group>";
		};
		2B9CBF6F27F78B77006A2308 /* RelatedMovieSection */ = {
			isa = PBXGroup;
			children = (
				2B9CBF6D27F781D5006A2308 /* RelatedMovieSectionCollectionViewCell.swift */,
				2B9CBF6B27F76EE0006A2308 /* RelatedMoviePosterCollectionViewCell.swift */,
			);
			path = RelatedMovieSection;
			sourceTree = "<group>";
		};
		2B9CBF7427F79252006A2308 /* StaffSection */ = {
			isa = PBXGroup;
			children = (
				2B9CBF7027F7921D006A2308 /* StaffSectionCollectionViewCell.swift */,
				2B9CBF7227F7924B006A2308 /* StaffMonogramCollectionViewCell.swift */,
			);
			path = StaffSection;
			sourceTree = "<group>";
		};
		2BE5AA6227F8BC8E000A4DDF /* Controllers */ = {
			isa = PBXGroup;
			children = (
				2BE5AA6427F8BCC3000A4DDF /* ViewController */,
				2BE5AA6327F8BC98000A4DDF /* DetailTVMovieViewController */,
			);
			path = Controllers;
			sourceTree = "<group>";
		};
		2BE5AA6327F8BC98000A4DDF /* DetailTVMovieViewController */ = {
			isa = PBXGroup;
			children = (
				2B9CBF6927F753AE006A2308 /* DetailTVMovieViewController.swift */,
				2B9CBF6F27F78B77006A2308 /* RelatedMovieSection */,
				2B9CBF7427F79252006A2308 /* StaffSection */,
			);
			path = DetailTVMovieViewController;
			sourceTree = "<group>";
		};
		2BE5AA6427F8BCC3000A4DDF /* ViewController */ = {
			isa = PBXGroup;
			children = (
				2B9CB89527F6710200D5CDFB /* ViewController.swift */,
				2B9CB8AC27F6842000D5CDFB /* MoviesCollection */,
			);
			path = ViewController;
			sourceTree = "<group>";
		};
/* End PBXGroup section */

/* Begin PBXNativeTarget section */
		2B9CB88F27F6710200D5CDFB /* basicTvOSApp */ = {
			isa = PBXNativeTarget;
			buildConfigurationList = 2B9CB8A127F6710400D5CDFB /* Build configuration list for PBXNativeTarget "basicTvOSApp" */;
			buildPhases = (
				2B9CB88C27F6710200D5CDFB /* Sources */,
				2B9CB88D27F6710200D5CDFB /* Frameworks */,
				2B9CB88E27F6710200D5CDFB /* Resources */,
			);
			buildRules = (
			);
			dependencies = (
			);
			name = basicTvOSApp;
			productName = basicTvOSApp;
			productReference = 2B9CB89027F6710200D5CDFB /* basicTvOSApp.app */;
			productType = "com.apple.product-type.application";
		};
/* End PBXNativeTarget section */

/* Begin PBXProject section */
		2B9CB88827F6710200D5CDFB /* Project object */ = {
			isa = PBXProject;
			attributes = {
				BuildIndependentTargetsInParallel = 1;
				LastSwiftUpdateCheck = 1330;
				LastUpgradeCheck = 1330;
				TargetAttributes = {
					2B9CB88F27F6710200D5CDFB = {
						CreatedOnToolsVersion = 13.3;
					};
				};
			};
			buildConfigurationList = 2B9CB88B27F6710200D5CDFB /* Build configuration list for PBXProject "basicTvOSApp" */;
			compatibilityVersion = "Xcode 13.0";
			developmentRegion = en;
			hasScannedForEncodings = 0;
			knownRegions = (
				en,
				Base,
			);
			mainGroup = 2B9CB88727F6710200D5CDFB;
			productRefGroup = 2B9CB89127F6710200D5CDFB /* Products */;
			projectDirPath = "";
			projectRoot = "";
			targets = (
				2B9CB88F27F6710200D5CDFB /* basicTvOSApp */,
			);
		};
/* End PBXProject section */

/* Begin PBXResourcesBuildPhase section */
		2B9CB88E27F6710200D5CDFB /* Resources */ = {
			isa = PBXResourcesBuildPhase;
			buildActionMask = 2147483647;
			files = (
				2B9CB89E27F6710400D5CDFB /* LaunchScreen.storyboard in Resources */,
				2B9CB89B27F6710400D5CDFB /* Assets.xcassets in Resources */,
				2B9CB89927F6710200D5CDFB /* Main.storyboard in Resources */,
			);
			runOnlyForDeploymentPostprocessing = 0;
		};
/* End PBXResourcesBuildPhase section */

/* Begin PBXSourcesBuildPhase section */
		2B9CB88C27F6710200D5CDFB /* Sources */ = {
			isa = PBXSourcesBuildPhase;
			buildActionMask = 2147483647;
			files = (
				2B9CB89627F6710200D5CDFB /* ViewController.swift in Sources */,
				2B9CBF7127F7921D006A2308 /* StaffSectionCollectionViewCell.swift in Sources */,
				2B9CB89427F6710200D5CDFB /* AppDelegate.swift in Sources */,
				2B9CBF6E27F781D5006A2308 /* RelatedMovieSectionCollectionViewCell.swift in Sources */,
				2B9CBF6C27F76EE0006A2308 /* RelatedMoviePosterCollectionViewCell.swift in Sources */,
				2B9CBF6A27F753AE006A2308 /* DetailTVMovieViewController.swift in Sources */,
				2B9CB8AA27F6840800D5CDFB /* UIView+Extensions.swift in Sources */,
				2B9CB8A527F67C0C00D5CDFB /* Movie.swift in Sources */,
				2B9CB8A827F67FD400D5CDFB /* TVMovieCollectionViewCell.swift in Sources */,
				2B9CBF7327F7924B006A2308 /* StaffMonogramCollectionViewCell.swift in Sources */,
			);
			runOnlyForDeploymentPostprocessing = 0;
		};
/* End PBXSourcesBuildPhase section */

/* Begin PBXVariantGroup section */
		2B9CB89727F6710200D5CDFB /* Main.storyboard */ = {
			isa = PBXVariantGroup;
			children = (
				2B9CB89827F6710200D5CDFB /* Base */,
			);
			name = Main.storyboard;
			sourceTree = "<group>";
		};
		2B9CB89C27F6710400D5CDFB /* LaunchScreen.storyboard */ = {
			isa = PBXVariantGroup;
			children = (
				2B9CB89D27F6710400D5CDFB /* Base */,
			);
			name = LaunchScreen.storyboard;
			sourceTree = "<group>";
		};
/* End PBXVariantGroup section */

/* Begin XCBuildConfiguration section */
		2B9CB89F27F6710400D5CDFB /* Debug */ = {
			isa = XCBuildConfiguration;
			buildSettings = {
				ALWAYS_SEARCH_USER_PATHS = NO;
				CLANG_ANALYZER_NONNULL = YES;
				CLANG_ANALYZER_NUMBER_OBJECT_CONVERSION = YES_AGGRESSIVE;
				CLANG_CXX_LANGUAGE_STANDARD = "gnu++17";
				CLANG_ENABLE_MODULES = YES;
				CLANG_ENABLE_OBJC_ARC = YES;
				CLANG_ENABLE_OBJC_WEAK = YES;
				CLANG_WARN_BLOCK_CAPTURE_AUTORELEASING = YES;
				CLANG_WARN_BOOL_CONVERSION = YES;
				CLANG_WARN_COMMA = YES;
				CLANG_WARN_CONSTANT_CONVERSION = YES;
				CLANG_WARN_DEPRECATED_OBJC_IMPLEMENTATIONS = YES;
				CLANG_WARN_DIRECT_OBJC_ISA_USAGE = YES_ERROR;
				CLANG_WARN_DOCUMENTATION_COMMENTS = YES;
				CLANG_WARN_EMPTY_BODY = YES;
				CLANG_WARN_ENUM_CONVERSION = YES;
				CLANG_WARN_INFINITE_RECURSION = YES;
				CLANG_WARN_INT_CONVERSION = YES;
				CLANG_WARN_NON_LITERAL_NULL_CONVERSION = YES;
				CLANG_WARN_OBJC_IMPLICIT_RETAIN_SELF = YES;
				CLANG_WARN_OBJC_LITERAL_CONVERSION = YES;
				CLANG_WARN_OBJC_ROOT_CLASS = YES_ERROR;
				CLANG_WARN_QUOTED_INCLUDE_IN_FRAMEWORK_HEADER = YES;
				CLANG_WARN_RANGE_LOOP_ANALYSIS = YES;
				CLANG_WARN_STRICT_PROTOTYPES = YES;
				CLANG_WARN_SUSPICIOUS_MOVE = YES;
				CLANG_WARN_UNGUARDED_AVAILABILITY = YES_AGGRESSIVE;
				CLANG_WARN_UNREACHABLE_CODE = YES;
				CLANG_WARN__DUPLICATE_METHOD_MATCH = YES;
				COPY_PHASE_STRIP = NO;
				DEBUG_INFORMATION_FORMAT = dwarf;
				ENABLE_STRICT_OBJC_MSGSEND = YES;
				ENABLE_TESTABILITY = YES;
				GCC_C_LANGUAGE_STANDARD = gnu11;
				GCC_DYNAMIC_NO_PIC = NO;
				GCC_NO_COMMON_BLOCKS = YES;
				GCC_OPTIMIZATION_LEVEL = 0;
				GCC_PREPROCESSOR_DEFINITIONS = (
					"DEBUG=1",
					"$(inherited)",
				);
				GCC_WARN_64_TO_32_BIT_CONVERSION = YES;
				GCC_WARN_ABOUT_RETURN_TYPE = YES_ERROR;
				GCC_WARN_UNDECLARED_SELECTOR = YES;
				GCC_WARN_UNINITIALIZED_AUTOS = YES_AGGRESSIVE;
				GCC_WARN_UNUSED_FUNCTION = YES;
				GCC_WARN_UNUSED_VARIABLE = YES;
				MTL_ENABLE_DEBUG_INFO = INCLUDE_SOURCE;
				MTL_FAST_MATH = YES;
				ONLY_ACTIVE_ARCH = YES;
				SDKROOT = appletvos;
				SWIFT_ACTIVE_COMPILATION_CONDITIONS = DEBUG;
				SWIFT_OPTIMIZATION_LEVEL = "-Onone";
				TVOS_DEPLOYMENT_TARGET = 15.4;
			};
			name = Debug;
		};
		2B9CB8A027F6710400D5CDFB /* Release */ = {
			isa = XCBuildConfiguration;
			buildSettings = {
				ALWAYS_SEARCH_USER_PATHS = NO;
				CLANG_ANALYZER_NONNULL = YES;
				CLANG_ANALYZER_NUMBER_OBJECT_CONVERSION = YES_AGGRESSIVE;
				CLANG_CXX_LANGUAGE_STANDARD = "gnu++17";
				CLANG_ENABLE_MODULES = YES;
				CLANG_ENABLE_OBJC_ARC = YES;
				CLANG_ENABLE_OBJC_WEAK = YES;
				CLANG_WARN_BLOCK_CAPTURE_AUTORELEASING = YES;
				CLANG_WARN_BOOL_CONVERSION = YES;
				CLANG_WARN_COMMA = YES;
				CLANG_WARN_CONSTANT_CONVERSION = YES;
				CLANG_WARN_DEPRECATED_OBJC_IMPLEMENTATIONS = YES;
				CLANG_WARN_DIRECT_OBJC_ISA_USAGE = YES_ERROR;
				CLANG_WARN_DOCUMENTATION_COMMENTS = YES;
				CLANG_WARN_EMPTY_BODY = YES;
				CLANG_WARN_ENUM_CONVERSION = YES;
				CLANG_WARN_INFINITE_RECURSION = YES;
				CLANG_WARN_INT_CONVERSION = YES;
				CLANG_WARN_NON_LITERAL_NULL_CONVERSION = YES;
				CLANG_WARN_OBJC_IMPLICIT_RETAIN_SELF = YES;
				CLANG_WARN_OBJC_LITERAL_CONVERSION = YES;
				CLANG_WARN_OBJC_ROOT_CLASS = YES_ERROR;
				CLANG_WARN_QUOTED_INCLUDE_IN_FRAMEWORK_HEADER = YES;
				CLANG_WARN_RANGE_LOOP_ANALYSIS = YES;
				CLANG_WARN_STRICT_PROTOTYPES = YES;
				CLANG_WARN_SUSPICIOUS_MOVE = YES;
				CLANG_WARN_UNGUARDED_AVAILABILITY = YES_AGGRESSIVE;
				CLANG_WARN_UNREACHABLE_CODE = YES;
				CLANG_WARN__DUPLICATE_METHOD_MATCH = YES;
				COPY_PHASE_STRIP = NO;
				DEBUG_INFORMATION_FORMAT = "dwarf-with-dsym";
				ENABLE_NS_ASSERTIONS = NO;
				ENABLE_STRICT_OBJC_MSGSEND = YES;
				GCC_C_LANGUAGE_STANDARD = gnu11;
				GCC_NO_COMMON_BLOCKS = YES;
				GCC_WARN_64_TO_32_BIT_CONVERSION = YES;
				GCC_WARN_ABOUT_RETURN_TYPE = YES_ERROR;
				GCC_WARN_UNDECLARED_SELECTOR = YES;
				GCC_WARN_UNINITIALIZED_AUTOS = YES_AGGRESSIVE;
				GCC_WARN_UNUSED_FUNCTION = YES;
				GCC_WARN_UNUSED_VARIABLE = YES;
				MTL_ENABLE_DEBUG_INFO = NO;
				MTL_FAST_MATH = YES;
				SDKROOT = appletvos;
				SWIFT_COMPILATION_MODE = wholemodule;
				SWIFT_OPTIMIZATION_LEVEL = "-O";
				TVOS_DEPLOYMENT_TARGET = 15.4;
				VALIDATE_PRODUCT = YES;
			};
			name = Release;
		};
		2B9CB8A227F6710400D5CDFB /* Debug */ = {
			isa = XCBuildConfiguration;
			buildSettings = {
				ASSETCATALOG_COMPILER_APPICON_NAME = "App Icon & Top Shelf Image";
				ASSETCATALOG_COMPILER_GLOBAL_ACCENT_COLOR_NAME = AccentColor;
				CODE_SIGN_STYLE = Automatic;
				CURRENT_PROJECT_VERSION = 1;
				DEVELOPMENT_TEAM = 896VMXCQU5;
				GENERATE_INFOPLIST_FILE = YES;
				INFOPLIST_KEY_UILaunchStoryboardName = LaunchScreen;
				INFOPLIST_KEY_UIMainStoryboardFile = Main;
				INFOPLIST_KEY_UIUserInterfaceStyle = Automatic;
				LD_RUNPATH_SEARCH_PATHS = (
					"$(inherited)",
					"@executable_path/Frameworks",
				);
				MARKETING_VERSION = 1.0;
				PRODUCT_BUNDLE_IDENTIFIER = okido.basicTvOSApp;
				PRODUCT_NAME = "$(TARGET_NAME)";
				SWIFT_EMIT_LOC_STRINGS = YES;
				SWIFT_VERSION = 5.0;
				TARGETED_DEVICE_FAMILY = 3;
			};
			name = Debug;
		};
		2B9CB8A327F6710400D5CDFB /* Release */ = {
			isa = XCBuildConfiguration;
			buildSettings = {
				ASSETCATALOG_COMPILER_APPICON_NAME = "App Icon & Top Shelf Image";
				ASSETCATALOG_COMPILER_GLOBAL_ACCENT_COLOR_NAME = AccentColor;
				CODE_SIGN_STYLE = Automatic;
				CURRENT_PROJECT_VERSION = 1;
				DEVELOPMENT_TEAM = 896VMXCQU5;
				GENERATE_INFOPLIST_FILE = YES;
				INFOPLIST_KEY_UILaunchStoryboardName = LaunchScreen;
				INFOPLIST_KEY_UIMainStoryboardFile = Main;
				INFOPLIST_KEY_UIUserInterfaceStyle = Automatic;
				LD_RUNPATH_SEARCH_PATHS = (
					"$(inherited)",
					"@executable_path/Frameworks",
				);
				MARKETING_VERSION = 1.0;
				PRODUCT_BUNDLE_IDENTIFIER = okido.basicTvOSApp;
				PRODUCT_NAME = "$(TARGET_NAME)";
				SWIFT_EMIT_LOC_STRINGS = YES;
				SWIFT_VERSION = 5.0;
				TARGETED_DEVICE_FAMILY = 3;
			};
			name = Release;
		};
/* End XCBuildConfiguration section */

/* Begin XCConfigurationList section */
		2B9CB88B27F6710200D5CDFB /* Build configuration list for PBXProject "basicTvOSApp" */ = {
			isa = XCConfigurationList;
			buildConfigurations = (
				2B9CB89F27F6710400D5CDFB /* Debug */,
				2B9CB8A027F6710400D5CDFB /* Release */,
			);
			defaultConfigurationIsVisible = 0;
			defaultConfigurationName = Release;
		};
		2B9CB8A127F6710400D5CDFB /* Build configuration list for PBXNativeTarget "basicTvOSApp" */ = {
			isa = XCConfigurationList;
			buildConfigurations = (
				2B9CB8A227F6710400D5CDFB /* Debug */,
				2B9CB8A327F6710400D5CDFB /* Release */,
			);
			defaultConfigurationIsVisible = 0;
			defaultConfigurationName = Release;
		};
/* End XCConfigurationList section */
	};
	rootObject = 2B9CB88827F6710200D5CDFB /* Project object */;
}
